
Microsoft Visual Studio Solution File, Format Version 12.00
# Visual Studio 2012
Project("{FAE04EC0-301F-11D3-BF4B-00C04F79EFBC}") = "misp-build", "misp-build\misp-build.csproj", "{26874D47-DCB7-4CA6-AE03-EFA44017E047}"
EndProject
Project("{FAE04EC0-301F-11D3-BF4B-00C04F79EFBC}") = "misp-diagram", "misp-diagram\misp-diagram.csproj", "{B437DF5F-20E0-4082-A92E-5C1D9C31A8E9}"
EndProject
Project("{FAE04EC0-301F-11D3-BF4B-00C04F79EFBC}") = "misp-kernel", "misp-kernel\misp-kernel.csproj", "{31BC49E1-CEA7-41E9-A030-C99E180F235C}"
EndProject
Project("{FAE04EC0-301F-11D3-BF4B-00C04F79EFBC}") = "misp-initiation", "misp-initiation\misp-initiation.csproj", "{BCF0B7CF-E3C5-49DE-9AFF-3366211DBAEC}"
EndProject
Project("{FAE04EC0-301F-11D3-BF4B-00C04F79EFBC}") = "misp-allocation", "misp-allocation\misp-allocation.csproj", "{53DB721A-9172-4CA6-AAC6-97EA7ED1A097}"
EndProject
Project("{FAE04EC0-301F-11D3-BF4B-00C04F79EFBC}") = "misp-sourcing", "misp-sourcing\misp-sourcing.csproj", "{6EA88F04-668F-4DBC-BC20-79F028D049D4}"
EndProject
Project("{FAE04EC0-301F-11D3-BF4B-00C04F79EFBC}") = "misp-reporting", "misp-reporting\misp-reporting.csproj", "{76AB13F7-3E3A-4B6F-A372-336980C0A2B1}"
EndProject
Project("{FAE04EC0-301F-11D3-BF4B-00C04F79EFBC}") = "misp-planification", "misp-planification\misp-planification.csproj", "{2526D712-9035-4F4C-847C-2C22F30CD8BC}"
EndProject
Project("{FAE04EC0-301F-11D3-BF4B-00C04F79EFBC}") = "misp-reconciliation", "misp-reconciliation\misp-reconciliation.csproj", "{E63E193F-E061-423C-B210-50FFB592ED84}"
EndProject
Project("{FAE04EC0-301F-11D3-BF4B-00C04F79EFBC}") = "DevExpress", "DevExpress\DevExpress.csproj", "{C3D3B270-676B-4180-9F5A-8C90B19308E1}"
EndProject
Global
	GlobalSection(SolutionConfigurationPlatforms) = preSolution
		Debug|Any CPU = Debug|Any CPU
		Release|Any CPU = Release|Any CPU
	EndGlobalSection
	GlobalSection(ProjectConfigurationPlatforms) = postSolution
		{26874D47-DCB7-4CA6-AE03-EFA44017E047}.Debug|Any CPU.ActiveCfg = Debug|Any CPU
		{26874D47-DCB7-4CA6-AE03-EFA44017E047}.Debug|Any CPU.Build.0 = Debug|Any CPU
		{26874D47-DCB7-4CA6-AE03-EFA44017E047}.Release|Any CPU.ActiveCfg = Release|Any CPU
		{26874D47-DCB7-4CA6-AE03-EFA44017E047}.Release|Any CPU.Build.0 = Release|Any CPU
		{B437DF5F-20E0-4082-A92E-5C1D9C31A8E9}.Debug|Any CPU.ActiveCfg = Debug|Any CPU
		{B437DF5F-20E0-4082-A92E-5C1D9C31A8E9}.Debug|Any CPU.Build.0 = Debug|Any CPU
		{B437DF5F-20E0-4082-A92E-5C1D9C31A8E9}.Release|Any CPU.ActiveCfg = Release|Any CPU
		{B437DF5F-20E0-4082-A92E-5C1D9C31A8E9}.Release|Any CPU.Build.0 = Release|Any CPU
		{31BC49E1-CEA7-41E9-A030-C99E180F235C}.Debug|Any CPU.ActiveCfg = Debug|Any CPU
		{31BC49E1-CEA7-41E9-A030-C99E180F235C}.Debug|Any CPU.Build.0 = Debug|Any CPU
		{31BC49E1-CEA7-41E9-A030-C99E180F235C}.Release|Any CPU.ActiveCfg = Release|Any CPU
		{31BC49E1-CEA7-41E9-A030-C99E180F235C}.Release|Any CPU.Build.0 = Release|Any CPU
		{BCF0B7CF-E3C5-49DE-9AFF-3366211DBAEC}.Debug|Any CPU.ActiveCfg = Debug|Any CPU
		{BCF0B7CF-E3C5-49DE-9AFF-3366211DBAEC}.Debug|Any CPU.Build.0 = Debug|Any CPU
		{BCF0B7CF-E3C5-49DE-9AFF-3366211DBAEC}.Release|Any CPU.ActiveCfg = Release|Any CPU
		{BCF0B7CF-E3C5-49DE-9AFF-3366211DBAEC}.Release|Any CPU.Build.0 = Release|Any CPU
		{53DB721A-9172-4CA6-AAC6-97EA7ED1A097}.Debug|Any CPU.ActiveCfg = Debug|Any CPU
		{53DB721A-9172-4CA6-AAC6-97EA7ED1A097}.Debug|Any CPU.Build.0 = Debug|Any CPU
		{53DB721A-9172-4CA6-AAC6-97EA7ED1A097}.Release|Any CPU.ActiveCfg = Release|Any CPU
		{53DB721A-9172-4CA6-AAC6-97EA7ED1A097}.Release|Any CPU.Build.0 = Release|Any CPU
		{6EA88F04-668F-4DBC-BC20-79F028D049D4}.Debug|Any CPU.ActiveCfg = Debug|Any CPU
		{6EA88F04-668F-4DBC-BC20-79F028D049D4}.Debug|Any CPU.Build.0 = Debug|Any CPU
		{6EA88F04-668F-4DBC-BC20-79F028D049D4}.Release|Any CPU.ActiveCfg = Release|Any CPU
		{6EA88F04-668F-4DBC-BC20-79F028D049D4}.Release|Any CPU.Build.0 = Release|Any CPU
		{76AB13F7-3E3A-4B6F-A372-336980C0A2B1}.Debug|Any CPU.ActiveCfg = Debug|Any CPU
		{76AB13F7-3E3A-4B6F-A372-336980C0A2B1}.Debug|Any CPU.Build.0 = Debug|Any CPU
		{76AB13F7-3E3A-4B6F-A372-336980C0A2B1}.Release|Any CPU.ActiveCfg = Release|Any CPU
		{76AB13F7-3E3A-4B6F-A372-336980C0A2B1}.Release|Any CPU.Build.0 = Release|Any CPU
		{2526D712-9035-4F4C-847C-2C22F30CD8BC}.Debug|Any CPU.ActiveCfg = Debug|Any CPU
		{2526D712-9035-4F4C-847C-2C22F30CD8BC}.Debug|Any CPU.Build.0 = Debug|Any CPU
		{2526D712-9035-4F4C-847C-2C22F30CD8BC}.Release|Any CPU.ActiveCfg = Release|Any CPU
		{2526D712-9035-4F4C-847C-2C22F30CD8BC}.Release|Any CPU.Build.0 = Release|Any CPU
		{E63E193F-E061-423C-B210-50FFB592ED84}.Debug|Any CPU.ActiveCfg = Debug|Any CPU
		{E63E193F-E061-423C-B210-50FFB592ED84}.Debug|Any CPU.Build.0 = Debug|Any CPU
		{E63E193F-E061-423C-B210-50FFB592ED84}.Release|Any CPU.ActiveCfg = Release|Any CPU
		{E63E193F-E061-423C-B210-50FFB592ED84}.Release|Any CPU.Build.0 = Release|Any CPU
		{C3D3B270-676B-4180-9F5A-8C90B19308E1}.Debug|Any CPU.ActiveCfg = Debug|Any CPU
		{C3D3B270-676B-4180-9F5A-8C90B19308E1}.Debug|Any CPU.Build.0 = Debug|Any CPU
		{C3D3B270-676B-4180-9F5A-8C90B19308E1}.Release|Any CPU.ActiveCfg = Release|Any CPU
		{C3D3B270-676B-4180-9F5A-8C90B19308E1}.Release|Any CPU.Build.0 = Release|Any CPU
	EndGlobalSection
	GlobalSection(SolutionProperties) = preSolution
		HideSolutionNode = FALSE
	EndGlobalSection
EndGlobal
